
Microsoft Visual Studio Solution File, Format Version 12.00
# Visual Studio Version 17
VisualStudioVersion = 17.9.34714.143
MinimumVisualStudioVersion = 10.0.40219.1
Project("{FAE04EC0-301F-11D3-BF4B-00C04F79EFBC}") = "WindowsForms", "WindowsForms\WindowsForms.csproj", "{948C0EDD-B7A9-471C-A766-90F889CD0B0A}"
EndProject
Global
	GlobalSection(SolutionConfigurationPlatforms) = preSolution
		Debug|Any CPU = Debug|Any CPU
		Release|Any CPU = Release|Any CPU
	EndGlobalSection
	GlobalSection(ProjectConfigurationPlatforms) = postSolution
		{948C0EDD-B7A9-471C-A766-90F889CD0B0A}.Debug|Any CPU.ActiveCfg = Debug|Any CPU
		{948C0EDD-B7A9-471C-A766-90F889CD0B0A}.Debug|Any CPU.Build.0 = Debug|Any CPU
		{948C0EDD-B7A9-471C-A766-90F889CD0B0A}.Release|Any CPU.ActiveCfg = Release|Any CPU
		{948C0EDD-B7A9-471C-A766-90F889CD0B0A}.Release|Any CPU.Build.0 = Release|Any CPU
	EndGlobalSection
	GlobalSection(SolutionProperties) = preSolution
		HideSolutionNode = FALSE
	EndGlobalSection
	GlobalSection(ExtensibilityGlobals) = postSolution
		SolutionGuid = {37970D87-4072-414A-A516-8430CA99E463}
	EndGlobalSection
EndGlobal
